
Microsoft Visual Studio Solution File, Format Version 12.00
# Visual Studio 15
VisualStudioVersion = 15.0.27703.2035
MinimumVisualStudioVersion = 10.0.40219.1
Project("{FAE04EC0-301F-11D3-BF4B-00C04F79EFBC}") = "Week4Lab", "Week4Lab\Week4Lab.csproj", "{924C9355-8C9A-4B63-A2DF-2EC86AC6F061}"
EndProject
Global
	GlobalSection(SolutionConfigurationPlatforms) = preSolution
		Debug|Any CPU = Debug|Any CPU
		Release|Any CPU = Release|Any CPU
	EndGlobalSection
	GlobalSection(ProjectConfigurationPlatforms) = postSolution
		{924C9355-8C9A-4B63-A2DF-2EC86AC6F061}.Debug|Any CPU.ActiveCfg = Debug|Any CPU
		{924C9355-8C9A-4B63-A2DF-2EC86AC6F061}.Debug|Any CPU.Build.0 = Debug|Any CPU
		{924C9355-8C9A-4B63-A2DF-2EC86AC6F061}.Release|Any CPU.ActiveCfg = Release|Any CPU
		{924C9355-8C9A-4B63-A2DF-2EC86AC6F061}.Release|Any CPU.Build.0 = Release|Any CPU
	EndGlobalSection
	GlobalSection(SolutionProperties) = preSolution
		HideSolutionNode = FALSE
	EndGlobalSection
	GlobalSection(ExtensibilityGlobals) = postSolution
		SolutionGuid = {98E4D07A-B3C5-4CB3-819A-7B8E5233576E}
	EndGlobalSection
EndGlobal
